
Microsoft Visual Studio Solution File, Format Version 12.00
# Visual Studio Version 17
VisualStudioVersion = 17.14.37203.1 d17.14
MinimumVisualStudioVersion = 10.0.40219.1
Project("{FAE04EC0-301F-11D3-BF4B-00C04F79EFBC}") = "WorkeaseAdmin_WPF", "WorkeaseAdmin_WPF\WorkeaseAdmin_WPF.csproj", "{CF648B17-D387-4A17-BFAA-076B39331D1C}"
EndProject
Global
	GlobalSection(SolutionConfigurationPlatforms) = preSolution
		Debug|Any CPU = Debug|Any CPU
		Release|Any CPU = Release|Any CPU
	EndGlobalSection
	GlobalSection(ProjectConfigurationPlatforms) = postSolution
		{CF648B17-D387-4A17-BFAA-076B39331D1C}.Debug|Any CPU.ActiveCfg = Debug|Any CPU
		{CF648B17-D387-4A17-BFAA-076B39331D1C}.Debug|Any CPU.Build.0 = Debug|Any CPU
		{CF648B17-D387-4A17-BFAA-076B39331D1C}.Release|Any CPU.ActiveCfg = Release|Any CPU
		{CF648B17-D387-4A17-BFAA-076B39331D1C}.Release|Any CPU.Build.0 = Release|Any CPU
	EndGlobalSection
	GlobalSection(SolutionProperties) = preSolution
		HideSolutionNode = FALSE
	EndGlobalSection
	GlobalSection(ExtensibilityGlobals) = postSolution
		SolutionGuid = {0DB06D5B-5C35-4ECE-BC57-9055BF797770}
	EndGlobalSection
EndGlobal
